
Microsoft Visual Studio Solution File, Format Version 12.00
# Visual Studio 14
VisualStudioVersion = 14.0.25420.1
MinimumVisualStudioVersion = 10.0.40219.1
Project("{FAE04EC0-301F-11D3-BF4B-00C04F79EFBC}") = "mvc", "mvc\mvc.csproj", "{37DDFB1C-2883-426E-BC97-6CB94F3C8E2C}"
EndProject
Project("{FAE04EC0-301F-11D3-BF4B-00C04F79EFBC}") = "DataAccessLayer", "DataAccessLayer\DataAccessLayer.csproj", "{952B6760-1141-44B0-B09E-E371CD43A1DB}"
EndProject
Project("{2150E333-8FDC-42A3-9474-1A3956D46DE8}") = "Model", "Model", "{ADA05279-C51A-4182-BC49-49B03C3BDB18}"
EndProject
Project("{2150E333-8FDC-42A3-9474-1A3956D46DE8}") = "ViewModel", "ViewModel", "{DF52D6EB-227D-4F12-B88F-EE635A1ACADB}"
EndProject
Project("{2150E333-8FDC-42A3-9474-1A3956D46DE8}") = "View And Controller", "View And Controller", "{7A17E8E8-4A2D-4157-9682-5574F5A28493}"
EndProject
Project("{2150E333-8FDC-42A3-9474-1A3956D46DE8}") = "Data Access Layer", "Data Access Layer", "{0B4D3F61-63C0-476D-8562-F72DC29177B5}"
EndProject
Project("{FAE04EC0-301F-11D3-BF4B-00C04F79EFBC}") = "BusinessLayer", "BusinessLayer\BusinessLayer.csproj", "{D6399CD4-7BAB-47D8-87BF-FF26D442FDCA}"
EndProject
Project("{FAE04EC0-301F-11D3-BF4B-00C04F79EFBC}") = "BusinessEntities", "BusinessEntities\BusinessEntities.csproj", "{CBCF2600-3F3D-4E1C-929B-707717E579F1}"
EndProject
Project("{FAE04EC0-301F-11D3-BF4B-00C04F79EFBC}") = "ViewModel", "ViewModel\ViewModel.csproj", "{24BA7EEE-F777-4A8E-90E1-348C62EFF733}"
EndProject
Global
	GlobalSection(SolutionConfigurationPlatforms) = preSolution
		Debug|Any CPU = Debug|Any CPU
		Release|Any CPU = Release|Any CPU
	EndGlobalSection
	GlobalSection(ProjectConfigurationPlatforms) = postSolution
		{37DDFB1C-2883-426E-BC97-6CB94F3C8E2C}.Debug|Any CPU.ActiveCfg = Debug|Any CPU
		{37DDFB1C-2883-426E-BC97-6CB94F3C8E2C}.Debug|Any CPU.Build.0 = Debug|Any CPU
		{37DDFB1C-2883-426E-BC97-6CB94F3C8E2C}.Release|Any CPU.ActiveCfg = Release|Any CPU
		{37DDFB1C-2883-426E-BC97-6CB94F3C8E2C}.Release|Any CPU.Build.0 = Release|Any CPU
		{952B6760-1141-44B0-B09E-E371CD43A1DB}.Debug|Any CPU.ActiveCfg = Debug|Any CPU
		{952B6760-1141-44B0-B09E-E371CD43A1DB}.Debug|Any CPU.Build.0 = Debug|Any CPU
		{952B6760-1141-44B0-B09E-E371CD43A1DB}.Release|Any CPU.ActiveCfg = Release|Any CPU
		{952B6760-1141-44B0-B09E-E371CD43A1DB}.Release|Any CPU.Build.0 = Release|Any CPU
		{D6399CD4-7BAB-47D8-87BF-FF26D442FDCA}.Debug|Any CPU.ActiveCfg = Debug|Any CPU
		{D6399CD4-7BAB-47D8-87BF-FF26D442FDCA}.Debug|Any CPU.Build.0 = Debug|Any CPU
		{D6399CD4-7BAB-47D8-87BF-FF26D442FDCA}.Release|Any CPU.ActiveCfg = Release|Any CPU
		{D6399CD4-7BAB-47D8-87BF-FF26D442FDCA}.Release|Any CPU.Build.0 = Release|Any CPU
		{CBCF2600-3F3D-4E1C-929B-707717E579F1}.Debug|Any CPU.ActiveCfg = Debug|Any CPU
		{CBCF2600-3F3D-4E1C-929B-707717E579F1}.Debug|Any CPU.Build.0 = Debug|Any CPU
		{CBCF2600-3F3D-4E1C-929B-707717E579F1}.Release|Any CPU.ActiveCfg = Release|Any CPU
		{CBCF2600-3F3D-4E1C-929B-707717E579F1}.Release|Any CPU.Build.0 = Release|Any CPU
		{24BA7EEE-F777-4A8E-90E1-348C62EFF733}.Debug|Any CPU.ActiveCfg = Debug|Any CPU
		{24BA7EEE-F777-4A8E-90E1-348C62EFF733}.Debug|Any CPU.Build.0 = Debug|Any CPU
		{24BA7EEE-F777-4A8E-90E1-348C62EFF733}.Release|Any CPU.ActiveCfg = Release|Any CPU
		{24BA7EEE-F777-4A8E-90E1-348C62EFF733}.Release|Any CPU.Build.0 = Release|Any CPU
	EndGlobalSection
	GlobalSection(SolutionProperties) = preSolution
		HideSolutionNode = FALSE
	EndGlobalSection
	GlobalSection(NestedProjects) = preSolution
		{37DDFB1C-2883-426E-BC97-6CB94F3C8E2C} = {7A17E8E8-4A2D-4157-9682-5574F5A28493}
		{952B6760-1141-44B0-B09E-E371CD43A1DB} = {0B4D3F61-63C0-476D-8562-F72DC29177B5}
		{D6399CD4-7BAB-47D8-87BF-FF26D442FDCA} = {ADA05279-C51A-4182-BC49-49B03C3BDB18}
		{CBCF2600-3F3D-4E1C-929B-707717E579F1} = {ADA05279-C51A-4182-BC49-49B03C3BDB18}
		{24BA7EEE-F777-4A8E-90E1-348C62EFF733} = {DF52D6EB-227D-4F12-B88F-EE635A1ACADB}
	EndGlobalSection
EndGlobal
